
Microsoft Visual Studio Solution File, Format Version 12.00
# Visual Studio Version 16
VisualStudioVersion = 16.0.29709.97
MinimumVisualStudioVersion = 10.0.40219.1
Project("{FAE04EC0-301F-11D3-BF4B-00C04F79EFBC}") = "BoardGames", "BoardGames\BoardGames.csproj", "{803FB996-8E35-4E6C-8052-368757DAF729}"
EndProject
Global
	GlobalSection(SolutionConfigurationPlatforms) = preSolution
		Debug|Any CPU = Debug|Any CPU
		Release|Any CPU = Release|Any CPU
	EndGlobalSection
	GlobalSection(ProjectConfigurationPlatforms) = postSolution
		{803FB996-8E35-4E6C-8052-368757DAF729}.Debug|Any CPU.ActiveCfg = Debug|Any CPU
		{803FB996-8E35-4E6C-8052-368757DAF729}.Debug|Any CPU.Build.0 = Debug|Any CPU
		{803FB996-8E35-4E6C-8052-368757DAF729}.Release|Any CPU.ActiveCfg = Release|Any CPU
		{803FB996-8E35-4E6C-8052-368757DAF729}.Release|Any CPU.Build.0 = Release|Any CPU
	EndGlobalSection
	GlobalSection(SolutionProperties) = preSolution
		HideSolutionNode = FALSE
	EndGlobalSection
	GlobalSection(ExtensibilityGlobals) = postSolution
		SolutionGuid = {C0EE1E55-7FC0-4BE6-B05D-442B6919FE3F}
	EndGlobalSection
EndGlobal
